
Microsoft Visual Studio Solution File, Format Version 12.00
# Visual Studio Version 17
VisualStudioVersion = 17.4.32916.344
MinimumVisualStudioVersion = 10.0.40219.1
Project("{9A19103F-16F7-4668-BE54-9A1E7A4F7556}") = "PadiScanner", "PadiScanner\PadiScanner.csproj", "{A24C69FB-91A1-450D-A403-BCC935C5E418}"
EndProject
Global
	GlobalSection(SolutionConfigurationPlatforms) = preSolution
		Debug|Any CPU = Debug|Any CPU
		Release|Any CPU = Release|Any CPU
	EndGlobalSection
	GlobalSection(ProjectConfigurationPlatforms) = postSolution
		{A24C69FB-91A1-450D-A403-BCC935C5E418}.Debug|Any CPU.ActiveCfg = Debug|Any CPU
		{A24C69FB-91A1-450D-A403-BCC935C5E418}.Debug|Any CPU.Build.0 = Debug|Any CPU
		{A24C69FB-91A1-450D-A403-BCC935C5E418}.Release|Any CPU.ActiveCfg = Release|Any CPU
		{A24C69FB-91A1-450D-A403-BCC935C5E418}.Release|Any CPU.Build.0 = Release|Any CPU
	EndGlobalSection
	GlobalSection(SolutionProperties) = preSolution
		HideSolutionNode = FALSE
	EndGlobalSection
	GlobalSection(ExtensibilityGlobals) = postSolution
		SolutionGuid = {635251BE-9046-479A-B31D-7F4F4F201B3C}
	EndGlobalSection
EndGlobal
